<?xml version="1.0" encoding="utf-8"?>
<Project ToolsVersion="4.0" xmlns="http://schemas.microsoft.com/developer/msbuild/2003">
  <ItemGroup>
    <Filter Include="源文件">
      <UniqueIdentifier>{4FC737F1-C7A5-4376-A066-2A32D752A2FF}</UniqueIdentifier>
      <Extensions>cpp;c;cc;cxx;c++;cppm;ixx;def;odl;idl;hpj;bat;asm;asmx</Extensions>
    </Filter>
    <Filter Include="头文件">
      <UniqueIdentifier>{93995380-89BD-4b04-88EB-625FBE52EBFB}</UniqueIdentifier>
      <Extensions>h;hh;hpp;hxx;h++;hm;inl;inc;ipp;xsd</Extensions>
    </Filter>
    <Filter Include="资源文件">
      <UniqueIdentifier>{67DA6AB6-F800-4c08-8B7A-83BB121AAD01}</UniqueIdentifier>
      <Extensions>rc;ico;cur;bmp;dlg;rc2;rct;bin;rgs;gif;jpg;jpeg;jpe;resx;tiff;tif;png;wav;mfcribbon-ms</Extensions>
    </Filter>
  </ItemGroup>
  <ItemGroup>
    <ClInclude Include="Resource.h">
      <Filter>头文件</Filter>
    </ClInclude>
    <ClInclude Include="Function.h">
      <Filter>头文件</Filter>
    </ClInclude>
    <ClInclude Include="MyProject.h">
      <Filter>头文件</Filter>
    </ClInclude>
    <ClInclude Include="GlobalVar.h">
      <Filter>头文件</Filter>
    </ClInclude>
    <ClInclude Include="targetver.h">
      <Filter>头文件</Filter>
    </ClInclude>
    <ClInclude Include="QKCtrl.h">
      <Filter>头文件</Filter>
    </ClInclude>
    <ClInclude Include="WndLrc.h">
      <Filter>头文件</Filter>
    </ClInclude>
    <ClInclude Include="OLEDragDrop.h">
      <Filter>头文件</Filter>
    </ClInclude>
    <ClInclude Include="WndMain.h">
      <Filter>头文件</Filter>
    </ClInclude>
    <ClInclude Include="WndEffect.h">
      <Filter>头文件</Filter>
    </ClInclude>
    <ClInclude Include="WndList.h">
      <Filter>头文件</Filter>
    </ClInclude>
    <ClInclude Include="GlobalDef.h">
      <Filter>头文件</Filter>
    </ClInclude>
    <ClInclude Include="WndOptions.h">
      <Filter>头文件</Filter>
    </ClInclude>
    <ClInclude Include="PlayingStatistics.h">
      <Filter>头文件</Filter>
    </ClInclude>
  </ItemGroup>
  <ItemGroup>
    <ClCompile Include="WndMain.cpp">
      <Filter>源文件</Filter>
    </ClCompile>
    <ClCompile Include="Function.cpp">
      <Filter>源文件</Filter>
    </ClCompile>
    <ClCompile Include="GlobalVar.cpp">
      <Filter>源文件</Filter>
    </ClCompile>
    <ClCompile Include="QKCtrl.cpp">
      <Filter>源文件</Filter>
    </ClCompile>
    <ClCompile Include="WndLrc.cpp">
      <Filter>源文件</Filter>
    </ClCompile>
    <ClCompile Include="OLEDragDrop.cpp">
      <Filter>源文件</Filter>
    </ClCompile>
    <ClCompile Include="Entry.cpp">
      <Filter>源文件</Filter>
    </ClCompile>
    <ClCompile Include="WndEffect.cpp">
      <Filter>源文件</Filter>
    </ClCompile>
    <ClCompile Include="WndList.cpp">
      <Filter>源文件</Filter>
    </ClCompile>
    <ClCompile Include="WndOptions.cpp">
      <Filter>源文件</Filter>
    </ClCompile>
    <ClCompile Include="PlayingStatistics.cpp">
      <Filter>源文件</Filter>
    </ClCompile>
  </ItemGroup>
  <ItemGroup>
    <ResourceCompile Include="Player.rc">
      <Filter>资源文件</Filter>
    </ResourceCompile>
  </ItemGroup>
  <ItemGroup>
    <Image Include="Res\About.bmp">
      <Filter>资源文件</Filter>
    </Image>
    <Image Include="Res\ArrowCircle.ico">
      <Filter>资源文件</Filter>
    </Image>
    <Image Include="Res\ArrowCircleOne.ico">
      <Filter>资源文件</Filter>
    </Image>
    <Image Include="Res\ArrowCross.ico">
      <Filter>资源文件</Filter>
    </Image>
    <Image Include="Res\ArrowRight.ico">
      <Filter>资源文件</Filter>
    </Image>
    <Image Include="Res\ArrowRightThree.ico">
      <Filter>资源文件</Filter>
    </Image>
    <Image Include="Res\Blance.ico">
      <Filter>资源文件</Filter>
    </Image>
    <Image Include="Res\Cross.ico">
      <Filter>资源文件</Filter>
    </Image>
    <Image Include="Res\Cross2.ico">
      <Filter>资源文件</Filter>
    </Image>
    <Image Include="Res\Disk.ico">
      <Filter>资源文件</Filter>
    </Image>
    <Image Include="Res\Info.ico">
      <Filter>资源文件</Filter>
    </Image>
    <Image Include="Res\Last.ico">
      <Filter>资源文件</Filter>
    </Image>
    <Image Include="Res\Last2.ico">
      <Filter>资源文件</Filter>
    </Image>
    <Image Include="Res\Locate.ico">
      <Filter>资源文件</Filter>
    </Image>
    <Image Include="Res\Lrc.ico">
      <Filter>资源文件</Filter>
    </Image>
    <Image Include="Res\Main.ico">
      <Filter>资源文件</Filter>
    </Image>
    <Image Include="Res\Next.ico">
      <Filter>资源文件</Filter>
    </Image>
    <Image Include="Res\Next2.ico">
      <Filter>资源文件</Filter>
    </Image>
    <Image Include="Res\Pause.ico">
      <Filter>资源文件</Filter>
    </Image>
    <Image Include="Res\Pause2.ico">
      <Filter>资源文件</Filter>
    </Image>
    <Image Include="Res\Play.ico">
      <Filter>资源文件</Filter>
    </Image>
    <Image Include="Res\Play2.ico">
      <Filter>资源文件</Filter>
    </Image>
    <Image Include="Res\PlayList.ico">
      <Filter>资源文件</Filter>
    </Image>
    <Image Include="Res\PlayList_Manage.ico">
      <Filter>资源文件</Filter>
    </Image>
    <Image Include="Res\Plus.ico">
      <Filter>资源文件</Filter>
    </Image>
    <Image Include="Res\ReadFile.ico">
      <Filter>资源文件</Filter>
    </Image>
    <Image Include="Res\Search.ico">
      <Filter>资源文件</Filter>
    </Image>
    <Image Include="Res\Settings.ico">
      <Filter>资源文件</Filter>
    </Image>
    <Image Include="Res\Speed.ico">
      <Filter>资源文件</Filter>
    </Image>
    <Image Include="Res\Stop.ico">
      <Filter>资源文件</Filter>
    </Image>
    <Image Include="Res\ThreeTrackbars.ico">
      <Filter>资源文件</Filter>
    </Image>
    <Image Include="Res\Tick.ico">
      <Filter>资源文件</Filter>
    </Image>
    <Image Include="Res\Tick2.ico">
      <Filter>资源文件</Filter>
    </Image>
    <Image Include="Res\Vol.ico">
      <Filter>资源文件</Filter>
    </Image>
    <Image Include="Res\Vol_Slient.ico">
      <Filter>资源文件</Filter>
    </Image>
    <Image Include="Res\Tempo.ico">
      <Filter>资源文件</Filter>
    </Image>
    <Image Include="Res\MIDIFont.ico">
      <Filter>资源文件</Filter>
    </Image>
    <Image Include="Res\Reverse.ico">
      <Filter>资源文件</Filter>
    </Image>
  </ItemGroup>
  <ItemGroup>
    <None Include="CompileTime" />
    <None Include="CompileCount" />
    <None Include="LICENSE" />
  </ItemGroup>
</Project>